
Microsoft Visual Studio Solution File, Format Version 12.00
# Visual Studio Version 17
VisualStudioVersion = 17.6.33723.286
MinimumVisualStudioVersion = 10.0.40219.1
Project("{9A19103F-16F7-4668-BE54-9A1E7A4F7556}") = "TSDuckHelper", "src\TSDuckHelper\TSDuckHelper.csproj", "{62E11DB3-7FB2-4632-AE60-9E1EA72E3555}"
EndProject
Project("{2150E333-8FDC-42A3-9474-1A3956D46DE8}") = "src", "src", "{F355C48C-C03A-4888-B429-486AEBFE71BF}"
	ProjectSection(SolutionItems) = preProject
		src\Dockerfile = src\Dockerfile
		README.md = README.md
	EndProjectSection
EndProject
Project("{9A19103F-16F7-4668-BE54-9A1E7A4F7556}") = "TSDuckEngine", "src\TSDuckEngine\TSDuckEngine.csproj", "{3AAD4FBD-7C9B-4D6D-8AFF-2EB61EAC9731}"
EndProject
Global
	GlobalSection(SolutionConfigurationPlatforms) = preSolution
		Debug|Any CPU = Debug|Any CPU
		Release|Any CPU = Release|Any CPU
	EndGlobalSection
	GlobalSection(ProjectConfigurationPlatforms) = postSolution
		{62E11DB3-7FB2-4632-AE60-9E1EA72E3555}.Debug|Any CPU.ActiveCfg = Debug|Any CPU
		{62E11DB3-7FB2-4632-AE60-9E1EA72E3555}.Debug|Any CPU.Build.0 = Debug|Any CPU
		{62E11DB3-7FB2-4632-AE60-9E1EA72E3555}.Release|Any CPU.ActiveCfg = Release|Any CPU
		{62E11DB3-7FB2-4632-AE60-9E1EA72E3555}.Release|Any CPU.Build.0 = Release|Any CPU
		{3AAD4FBD-7C9B-4D6D-8AFF-2EB61EAC9731}.Debug|Any CPU.ActiveCfg = Debug|Any CPU
		{3AAD4FBD-7C9B-4D6D-8AFF-2EB61EAC9731}.Debug|Any CPU.Build.0 = Debug|Any CPU
		{3AAD4FBD-7C9B-4D6D-8AFF-2EB61EAC9731}.Release|Any CPU.ActiveCfg = Release|Any CPU
		{3AAD4FBD-7C9B-4D6D-8AFF-2EB61EAC9731}.Release|Any CPU.Build.0 = Release|Any CPU
	EndGlobalSection
	GlobalSection(SolutionProperties) = preSolution
		HideSolutionNode = FALSE
	EndGlobalSection
	GlobalSection(NestedProjects) = preSolution
		{62E11DB3-7FB2-4632-AE60-9E1EA72E3555} = {F355C48C-C03A-4888-B429-486AEBFE71BF}
		{3AAD4FBD-7C9B-4D6D-8AFF-2EB61EAC9731} = {F355C48C-C03A-4888-B429-486AEBFE71BF}
	EndGlobalSection
	GlobalSection(ExtensibilityGlobals) = postSolution
		SolutionGuid = {D0ADA937-0371-47D3-9205-D6ACD3B431C0}
	EndGlobalSection
EndGlobal
